// !$*UTF8*$!
{
	archiveVersion = 1;
	classes = {
	};
	objectVersion = 50;
	objects = {

/* Begin PBXBuildFile section */
		F6E496EB2116D090007D7B43 /* AppDelegate.swift in Sources */ = {isa = PBXBuildFile; fileRef = F6E496EA2116D090007D7B43 /* AppDelegate.swift */; };
		F6E496ED2116D090007D7B43 /* ViewController.swift in Sources */ = {isa = PBXBuildFile; fileRef = F6E496EC2116D090007D7B43 /* ViewController.swift */; };
		F6E496F02116D090007D7B43 /* Main.storyboard in Resources */ = {isa = PBXBuildFile; fileRef = F6E496EE2116D090007D7B43 /* Main.storyboard */; };
		F6E496F22116D092007D7B43 /* Assets.xcassets in Resources */ = {isa = PBXBuildFile; fileRef = F6E496F12116D092007D7B43 /* Assets.xcassets */; };
		F6E496F52116D092007D7B43 /* LaunchScreen.storyboard in Resources */ = {isa = PBXBuildFile; fileRef = F6E496F32116D092007D7B43 /* LaunchScreen.storyboard */; };
		F6E496FE2116D450007D7B43 /* light_saber3.mp3 in Resources */ = {isa = PBXBuildFile; fileRef = F6E496FC2116D450007D7B43 /* light_saber3.mp3 */; };
		F6E496FF2116D450007D7B43 /* light_saber1.mp3 in Resources */ = {isa = PBXBuildFile; fileRef = F6E496FD2116D450007D7B43 /* light_saber1.mp3 */; };
/* End PBXBuildFile section */

/* Begin PBXFileReference section */
		F6E496E72116D090007D7B43 /* lightsaiver.app */ = {isa = PBXFileReference; explicitFileType = wrapper.application; includeInIndex = 0; path = lightsaiver.app; sourceTree = BUILT_PRODUCTS_DIR; };
		F6E496EA2116D090007D7B43 /* AppDelegate.swift */ = {isa = PBXFileReference; lastKnownFileType = sourcecode.swift; path = AppDelegate.swift; sourceTree = "<group>"; };
		F6E496EC2116D090007D7B43 /* ViewController.swift */ = {isa = PBXFileReference; lastKnownFileType = sourcecode.swift; path = ViewController.swift; sourceTree = "<group>"; };
		F6E496EF2116D090007D7B43 /* Base */ = {isa = PBXFileReference; lastKnownFileType = file.storyboard; name = Base; path = Base.lproj/Main.storyboard; sourceTree = "<group>"; };
		F6E496F12116D092007D7B43 /* Assets.xcassets */ = {isa = PBXFileReference; lastKnownFileType = folder.assetcatalog; path = Assets.xcassets; sourceTree = "<group>"; };
		F6E496F42116D092007D7B43 /* Base */ = {isa = PBXFileReference; lastKnownFileType = file.storyboard; name = Base; path = Base.lproj/LaunchScreen.storyboard; sourceTree = "<group>"; };
		F6E496F62116D092007D7B43 /* Info.plist */ = {isa = PBXFileReference; lastKnownFileType = text.plist.xml; path = Info.plist; sourceTree = "<group>"; };
		F6E496FC2116D450007D7B43 /* light_saber3.mp3 */ = {isa = PBXFileReference; lastKnownFileType = audio.mp3; path = light_saber3.mp3; sourceTree = "<group>"; };
		F6E496FD2116D450007D7B43 /* light_saber1.mp3 */ = {isa = PBXFileReference; lastKnownFileType = audio.mp3; path = light_saber1.mp3; sourceTree = "<group>"; };
/* End PBXFileReference section */

/* Begin PBXFrameworksBuildPhase section */
		F6E496E42116D090007D7B43 /* Frameworks */ = {
			isa = PBXFrameworksBuildPhase;
			buildActionMask = 2147483647;
			files = (
			);
			runOnlyForDeploymentPostprocessing = 0;
		};
/* End PBXFrameworksBuildPhase section */

/* Begin PBXGroup section */
		F6E496DE2116D090007D7B43 = {
			isa = PBXGroup;
			children = (
				F6E496E92116D090007D7B43 /* lightsaiver */,
				F6E496E82116D090007D7B43 /* Products */,
			);
			sourceTree = "<group>";
		};
		F6E496E82116D090007D7B43 /* Products */ = {
			isa = PBXGroup;
			children = (
				F6E496E72116D090007D7B43 /* lightsaiver.app */,
			);
			name = Products;
			sourceTree = "<group>";
		};
		F6E496E92116D090007D7B43 /* lightsaiver */ = {
			isa = PBXGroup;
			children = (
				F6E496EA2116D090007D7B43 /* AppDelegate.swift */,
				F6E496EC2116D090007D7B43 /* ViewController.swift */,
				F6E496EE2116D090007D7B43 /* Main.storyboard */,
				F6E496F12116D092007D7B43 /* Assets.xcassets */,
				F6E496F32116D092007D7B43 /* LaunchScreen.storyboard */,
				F6E496F62116D092007D7B43 /* Info.plist */,
				F6E496FD2116D450007D7B43 /* light_saber1.mp3 */,
				F6E496FC2116D450007D7B43 /* light_saber3.mp3 */,
			);
			path = lightsaiver;
			sourceTree = "<group>";
		};
/* End PBXGroup section */

/* Begin PBXNativeTarget section */
		F6E496E62116D090007D7B43 /* lightsaiver */ = {
			isa = PBXNativeTarget;
			buildConfigurationList = F6E496F92116D092007D7B43 /* Build configuration list for PBXNativeTarget "lightsaiver" */;
			buildPhases = (
				F6E496E32116D090007D7B43 /* Sources */,
				F6E496E42116D090007D7B43 /* Frameworks */,
				F6E496E52116D090007D7B43 /* Resources */,
			);
			buildRules = (
			);
			dependencies = (
			);
			name = lightsaiver;
			productName = lightsaiver;
			productReference = F6E496E72116D090007D7B43 /* lightsaiver.app */;
			productType = "com.apple.product-type.application";
		};
/* End PBXNativeTarget section */

/* Begin PBXProject section */
		F6E496DF2116D090007D7B43 /* Project object */ = {
			isa = PBXProject;
			attributes = {
				LastSwiftUpdateCheck = 0940;
				LastUpgradeCheck = 0940;
				ORGANIZATIONNAME = pra1;
				TargetAttributes = {
					F6E496E62116D090007D7B43 = {
						CreatedOnToolsVersion = 9.4.1;
					};
				};
			};
			buildConfigurationList = F6E496E22116D090007D7B43 /* Build configuration list for PBXProject "lightsaiver" */;
			compatibilityVersion = "Xcode 9.3";
			developmentRegion = en;
			hasScannedForEncodings = 0;
			knownRegions = (
				en,
				Base,
			);
			mainGroup = F6E496DE2116D090007D7B43;
			productRefGroup = F6E496E82116D090007D7B43 /* Products */;
			projectDirPath = "";
			projectRoot = "";
			targets = (
				F6E496E62116D090007D7B43 /* lightsaiver */,
			);
		};
/* End PBXProject section */

/* Begin PBXResourcesBuildPhase section */
		F6E496E52116D090007D7B43 /* Resources */ = {
			isa = PBXResourcesBuildPhase;
			buildActionMask = 2147483647;
			files = (
				F6E496F52116D092007D7B43 /* LaunchScreen.storyboard in Resources */,
				F6E496FF2116D450007D7B43 /* light_saber1.mp3 in Resources */,
				F6E496FE2116D450007D7B43 /* light_saber3.mp3 in Resources */,
				F6E496F22116D092007D7B43 /* Assets.xcassets in Resources */,
				F6E496F02116D090007D7B43 /* Main.storyboard in Resources */,
			);
			runOnlyForDeploymentPostprocessing = 0;
		};
/* End PBXResourcesBuildPhase section */

/* Begin PBXSourcesBuildPhase section */
		F6E496E32116D090007D7B43 /* Sources */ = {
			isa = PBXSourcesBuildPhase;
			buildActionMask = 2147483647;
			files = (
				F6E496ED2116D090007D7B43 /* ViewController.swift in Sources */,
				F6E496EB2116D090007D7B43 /* AppDelegate.swift in Sources */,
			);
			runOnlyForDeploymentPostprocessing = 0;
		};
/* End PBXSourcesBuildPhase section */

/* Begin PBXVariantGroup section */
		F6E496EE2116D090007D7B43 /* Main.storyboard */ = {
			isa = PBXVariantGroup;
			children = (
				F6E496EF2116D090007D7B43 /* Base */,
			);
			name = Main.storyboard;
			sourceTree = "<group>";
		};
		F6E496F32116D092007D7B43 /* LaunchScreen.storyboard */ = {
			isa = PBXVariantGroup;
			children = (
				F6E496F42116D092007D7B43 /* Base */,
			);
			name = LaunchScreen.storyboard;
			sourceTree = "<group>";
		};
/* End PBXVariantGroup section */

/* Begin XCBuildConfiguration section */
		F6E496F72116D092007D7B43 /* Debug */ = {
			isa = XCBuildConfiguration;
			buildSettings = {
				ALWAYS_SEARCH_USER_PATHS = NO;
				CLANG_ANALYZER_NONNULL = YES;
				CLANG_ANALYZER_NUMBER_OBJECT_CONVERSION = YES_AGGRESSIVE;
				CLANG_CXX_LANGUAGE_STANDARD = "gnu++14";
				CLANG_CXX_LIBRARY = "libc++";
				CLANG_ENABLE_MODULES = YES;
				CLANG_ENABLE_OBJC_ARC = YES;
				CLANG_ENABLE_OBJC_WEAK = YES;
				CLANG_WARN_BLOCK_CAPTURE_AUTORELEASING = YES;
				CLANG_WARN_BOOL_CONVERSION = YES;
				CLANG_WARN_COMMA = YES;
				CLANG_WARN_CONSTANT_CONVERSION = YES;
				CLANG_WARN_DEPRECATED_OBJC_IMPLEMENTATIONS = YES;
				CLANG_WARN_DIRECT_OBJC_ISA_USAGE = YES_ERROR;
				CLANG_WARN_DOCUMENTATION_COMMENTS = YES;
				CLANG_WARN_EMPTY_BODY = YES;
				CLANG_WARN_ENUM_CONVERSION = YES;
				CLANG_WARN_INFINITE_RECURSION = YES;
				CLANG_WARN_INT_CONVERSION = YES;
				CLANG_WARN_NON_LITERAL_NULL_CONVERSION = YES;
				CLANG_WARN_OBJC_IMPLICIT_RETAIN_SELF = YES;
				CLANG_WARN_OBJC_LITERAL_CONVERSION = YES;
				CLANG_WARN_OBJC_ROOT_CLASS = YES_ERROR;
				CLANG_WARN_RANGE_LOOP_ANALYSIS = YES;
				CLANG_WARN_STRICT_PROTOTYPES = YES;
				CLANG_WARN_SUSPICIOUS_MOVE = YES;
				CLANG_WARN_UNGUARDED_AVAILABILITY = YES_AGGRESSIVE;
				CLANG_WARN_UNREACHABLE_CODE = YES;
				CLANG_WARN__DUPLICATE_METHOD_MATCH = YES;
				CODE_SIGN_IDENTITY = "iPhone Developer";
				COPY_PHASE_STRIP = NO;
				DEBUG_INFORMATION_FORMAT = dwarf;
				ENABLE_STRICT_OBJC_MSGSEND = YES;
				ENABLE_TESTABILITY = YES;
				GCC_C_LANGUAGE_STANDARD = gnu11;
				GCC_DYNAMIC_NO_PIC = NO;
				GCC_NO_COMMON_BLOCKS = YES;
				GCC_OPTIMIZATION_LEVEL = 0;
				GCC_PREPROCESSOR_DEFINITIONS = (
					"DEBUG=1",
					"$(inherited)",
				);
				GCC_WARN_64_TO_32_BIT_CONVERSION = YES;
				GCC_WARN_ABOUT_RETURN_TYPE = YES_ERROR;
				GCC_WARN_UNDECLARED_SELECTOR = YES;
				GCC_WARN_UNINITIALIZED_AUTOS = YES_AGGRESSIVE;
				GCC_WARN_UNUSED_FUNCTION = YES;
				GCC_WARN_UNUSED_VARIABLE = YES;
				IPHONEOS_DEPLOYMENT_TARGET = 11.4;
				MTL_ENABLE_DEBUG_INFO = YES;
				ONLY_ACTIVE_ARCH = YES;
				SDKROOT = iphoneos;
				SWIFT_ACTIVE_COMPILATION_CONDITIONS = DEBUG;
				SWIFT_OPTIMIZATION_LEVEL = "-Onone";
			};
			name = Debug;
		};
		F6E496F82116D092007D7B43 /* Release */ = {
			isa = XCBuildConfiguration;
			buildSettings = {
				ALWAYS_SEARCH_USER_PATHS = NO;
				CLANG_ANALYZER_NONNULL = YES;
				CLANG_ANALYZER_NUMBER_OBJECT_CONVERSION = YES_AGGRESSIVE;
				CLANG_CXX_LANGUAGE_STANDARD = "gnu++14";
				CLANG_CXX_LIBRARY = "libc++";
				CLANG_ENABLE_MODULES = YES;
				CLANG_ENABLE_OBJC_ARC = YES;
				CLANG_ENABLE_OBJC_WEAK = YES;
				CLANG_WARN_BLOCK_CAPTURE_AUTORELEASING = YES;
				CLANG_WARN_BOOL_CONVERSION = YES;
				CLANG_WARN_COMMA = YES;
				CLANG_WARN_CONSTANT_CONVERSION = YES;
				CLANG_WARN_DEPRECATED_OBJC_IMPLEMENTATIONS = YES;
				CLANG_WARN_DIRECT_OBJC_ISA_USAGE = YES_ERROR;
				CLANG_WARN_DOCUMENTATION_COMMENTS = YES;
				CLANG_WARN_EMPTY_BODY = YES;
				CLANG_WARN_ENUM_CONVERSION = YES;
				CLANG_WARN_INFINITE_RECURSION = YES;
				CLANG_WARN_INT_CONVERSION = YES;
				CLANG_WARN_NON_LITERAL_NULL_CONVERSION = YES;
				CLANG_WARN_OBJC_IMPLICIT_RETAIN_SELF = YES;
				CLANG_WARN_OBJC_LITERAL_CONVERSION = YES;
				CLANG_WARN_OBJC_ROOT_CLASS = YES_ERROR;
				CLANG_WARN_RANGE_LOOP_ANALYSIS = YES;
				CLANG_WARN_STRICT_PROTOTYPES = YES;
				CLANG_WARN_SUSPICIOUS_MOVE = YES;
				CLANG_WARN_UNGUARDED_AVAILABILITY = YES_AGGRESSIVE;
				CLANG_WARN_UNREACHABLE_CODE = YES;
				CLANG_WARN__DUPLICATE_METHOD_MATCH = YES;
				CODE_SIGN_IDENTITY = "iPhone Developer";
				COPY_PHASE_STRIP = NO;
				DEBUG_INFORMATION_FORMAT = "dwarf-with-dsym";
				ENABLE_NS_ASSERTIONS = NO;
				ENABLE_STRICT_OBJC_MSGSEND = YES;
				GCC_C_LANGUAGE_STANDARD = gnu11;
				GCC_NO_COMMON_BLOCKS = YES;
				GCC_WARN_64_TO_32_BIT_CONVERSION = YES;
				GCC_WARN_ABOUT_RETURN_TYPE = YES_ERROR;
				GCC_WARN_UNDECLARED_SELECTOR = YES;
				GCC_WARN_UNINITIALIZED_AUTOS = YES_AGGRESSIVE;
				GCC_WARN_UNUSED_FUNCTION = YES;
				GCC_WARN_UNUSED_VARIABLE = YES;
				IPHONEOS_DEPLOYMENT_TARGET = 11.4;
				MTL_ENABLE_DEBUG_INFO = NO;
				SDKROOT = iphoneos;
				SWIFT_COMPILATION_MODE = wholemodule;
				SWIFT_OPTIMIZATION_LEVEL = "-O";
				VALIDATE_PRODUCT = YES;
			};
			name = Release;
		};
		F6E496FA2116D092007D7B43 /* Debug */ = {
			isa = XCBuildConfiguration;
			buildSettings = {
				ASSETCATALOG_COMPILER_APPICON_NAME = AppIcon;
				CODE_SIGN_STYLE = Automatic;
				DEVELOPMENT_TEAM = CCVNMCRR27;
				INFOPLIST_FILE = lightsaiver/Info.plist;
				LD_RUNPATH_SEARCH_PATHS = (
					"$(inherited)",
					"@executable_path/Frameworks",
				);
				PRODUCT_BUNDLE_IDENTIFIER = com.asat.lightsaiver;
				PRODUCT_NAME = "$(TARGET_NAME)";
				SWIFT_VERSION = 4.0;
				TARGETED_DEVICE_FAMILY = "1,2";
			};
			name = Debug;
		};
		F6E496FB2116D092007D7B43 /* Release */ = {
			isa = XCBuildConfiguration;
			buildSettings = {
				ASSETCATALOG_COMPILER_APPICON_NAME = AppIcon;
				CODE_SIGN_STYLE = Automatic;
				DEVELOPMENT_TEAM = CCVNMCRR27;
				INFOPLIST_FILE = lightsaiver/Info.plist;
				LD_RUNPATH_SEARCH_PATHS = (
					"$(inherited)",
					"@executable_path/Frameworks",
				);
				PRODUCT_BUNDLE_IDENTIFIER = com.asat.lightsaiver;
				PRODUCT_NAME = "$(TARGET_NAME)";
				SWIFT_VERSION = 4.0;
				TARGETED_DEVICE_FAMILY = "1,2";
			};
			name = Release;
		};
/* End XCBuildConfiguration section */

/* Begin XCConfigurationList section */
		F6E496E22116D090007D7B43 /* Build configuration list for PBXProject "lightsaiver" */ = {
			isa = XCConfigurationList;
			buildConfigurations = (
				F6E496F72116D092007D7B43 /* Debug */,
				F6E496F82116D092007D7B43 /* Release */,
			);
			defaultConfigurationIsVisible = 0;
			defaultConfigurationName = Release;
		};
		F6E496F92116D092007D7B43 /* Build configuration list for PBXNativeTarget "lightsaiver" */ = {
			isa = XCConfigurationList;
			buildConfigurations = (
				F6E496FA2116D092007D7B43 /* Debug */,
				F6E496FB2116D092007D7B43 /* Release */,
			);
			defaultConfigurationIsVisible = 0;
			defaultConfigurationName = Release;
		};
/* End XCConfigurationList section */
	};
	rootObject = F6E496DF2116D090007D7B43 /* Project object */;
}
